
Microsoft Visual Studio Solution File, Format Version 12.00
# Visual Studio Version 16
VisualStudioVersion = 16.0.28803.202
MinimumVisualStudioVersion = 10.0.40219.1
Project("{2150E333-8FDC-42A3-9474-1A3956D46DE8}") = ".nuget", ".nuget", "{5EB73580-B910-4D32-A1FC-A83A7F20D5FA}"
	ProjectSection(SolutionItems) = preProject
		.nuget\packages.config = .nuget\packages.config
	EndProjectSection
EndProject
Project("{9A19103F-16F7-4668-BE54-9A1E7A4F7556}") = "Seq.Client.Log4Net", "src\Seq.Client.Log4Net\Seq.Client.Log4Net.csproj", "{CBDC0A30-5EC1-4DFE-AB0A-8CFC181B7DAB}"
EndProject
Project("{2150E333-8FDC-42A3-9474-1A3956D46DE8}") = "src", "src", "{50765ADD-1BED-452B-BC5A-4B1BFF527872}"
EndProject
Project("{2150E333-8FDC-42A3-9474-1A3956D46DE8}") = "sln", "sln", "{22E15F9D-1EE6-45B9-83B9-0C08132B0E86}"
	ProjectSection(SolutionItems) = preProject
		.gitattributes = .gitattributes
		.gitignore = .gitignore
		appveyor.yml = appveyor.yml
		Build.ps1 = Build.ps1
		LICENSE = LICENSE
		README.md = README.md
	EndProjectSection
EndProject
Project("{2150E333-8FDC-42A3-9474-1A3956D46DE8}") = "example", "example", "{DC877E7E-1844-4670-8C26-77791A304EBD}"
EndProject
Project("{2150E333-8FDC-42A3-9474-1A3956D46DE8}") = "test", "test", "{A8566532-3301-4CC9-89DA-5264CB675DEC}"
EndProject
Global
	GlobalSection(SolutionConfigurationPlatforms) = preSolution
		Debug|Any CPU = Debug|Any CPU
		Release|Any CPU = Release|Any CPU
	EndGlobalSection
	GlobalSection(ProjectConfigurationPlatforms) = postSolution
		{CBDC0A30-5EC1-4DFE-AB0A-8CFC181B7DAB}.Debug|Any CPU.ActiveCfg = Debug|Any CPU
		{CBDC0A30-5EC1-4DFE-AB0A-8CFC181B7DAB}.Debug|Any CPU.Build.0 = Debug|Any CPU
		{CBDC0A30-5EC1-4DFE-AB0A-8CFC181B7DAB}.Release|Any CPU.ActiveCfg = Release|Any CPU
		{CBDC0A30-5EC1-4DFE-AB0A-8CFC181B7DAB}.Release|Any CPU.Build.0 = Release|Any CPU
	EndGlobalSection
	GlobalSection(SolutionProperties) = preSolution
		HideSolutionNode = FALSE
	EndGlobalSection
	GlobalSection(NestedProjects) = preSolution
		{CBDC0A30-5EC1-4DFE-AB0A-8CFC181B7DAB} = {50765ADD-1BED-452B-BC5A-4B1BFF527872}
	EndGlobalSection
	GlobalSection(ExtensibilityGlobals) = postSolution
		SolutionGuid = {3D1310A4-D8A9-4E11-A63B-A41947F53929}
	EndGlobalSection
EndGlobal
